
Microsoft Visual Studio Solution File, Format Version 12.00
# Visual Studio Version 16
VisualStudioVersion = 16.0.28922.388
MinimumVisualStudioVersion = 10.0.40219.1
Project("{FAE04EC0-301F-11D3-BF4B-00C04F79EFBC}") = "TNE_v2", "TNE_v2\TNE_v2.csproj", "{334818C9-F8AD-49C0-B9A2-DC6F337DE1B5}"
EndProject
Global
	GlobalSection(SolutionConfigurationPlatforms) = preSolution
		Debug|Any CPU = Debug|Any CPU
		Release|Any CPU = Release|Any CPU
	EndGlobalSection
	GlobalSection(ProjectConfigurationPlatforms) = postSolution
		{334818C9-F8AD-49C0-B9A2-DC6F337DE1B5}.Debug|Any CPU.ActiveCfg = Debug|Any CPU
		{334818C9-F8AD-49C0-B9A2-DC6F337DE1B5}.Debug|Any CPU.Build.0 = Debug|Any CPU
		{334818C9-F8AD-49C0-B9A2-DC6F337DE1B5}.Release|Any CPU.ActiveCfg = Release|Any CPU
		{334818C9-F8AD-49C0-B9A2-DC6F337DE1B5}.Release|Any CPU.Build.0 = Release|Any CPU
	EndGlobalSection
	GlobalSection(SolutionProperties) = preSolution
		HideSolutionNode = FALSE
	EndGlobalSection
	GlobalSection(ExtensibilityGlobals) = postSolution
		SolutionGuid = {D7E3C848-7F5C-4A37-90A5-4228DBC8FB9E}
	EndGlobalSection
EndGlobal
